
Microsoft Visual Studio Solution File, Format Version 12.00
# Visual Studio Version 17
VisualStudioVersion = 17.2.32616.157
MinimumVisualStudioVersion = 10.0.40219.1
Project("{FAE04EC0-301F-11D3-BF4B-00C04F79EFBC}") = "KeepOnCodingAcademy.Web", "KeepOnCodingAcademy.Web\KeepOnCodingAcademy.Web.csproj", "{7C10BD12-71DF-4195-9576-CD76E1A12C0E}"
EndProject
Project("{FAE04EC0-301F-11D3-BF4B-00C04F79EFBC}") = "KeepOnCodingAcademy.DataAccess", "KeepOnCodingAcademy.DataAccess\KeepOnCodingAcademy.DataAccess.csproj", "{5B78553C-0A74-44C4-8D6B-83C7DDE2BD60}"
EndProject
Global
	GlobalSection(SolutionConfigurationPlatforms) = preSolution
		Debug|Any CPU = Debug|Any CPU
		Release|Any CPU = Release|Any CPU
	EndGlobalSection
	GlobalSection(ProjectConfigurationPlatforms) = postSolution
		{7C10BD12-71DF-4195-9576-CD76E1A12C0E}.Debug|Any CPU.ActiveCfg = Debug|Any CPU
		{7C10BD12-71DF-4195-9576-CD76E1A12C0E}.Debug|Any CPU.Build.0 = Debug|Any CPU
		{7C10BD12-71DF-4195-9576-CD76E1A12C0E}.Release|Any CPU.ActiveCfg = Release|Any CPU
		{7C10BD12-71DF-4195-9576-CD76E1A12C0E}.Release|Any CPU.Build.0 = Release|Any CPU
		{5B78553C-0A74-44C4-8D6B-83C7DDE2BD60}.Debug|Any CPU.ActiveCfg = Debug|Any CPU
		{5B78553C-0A74-44C4-8D6B-83C7DDE2BD60}.Debug|Any CPU.Build.0 = Debug|Any CPU
		{5B78553C-0A74-44C4-8D6B-83C7DDE2BD60}.Release|Any CPU.ActiveCfg = Release|Any CPU
		{5B78553C-0A74-44C4-8D6B-83C7DDE2BD60}.Release|Any CPU.Build.0 = Release|Any CPU
	EndGlobalSection
	GlobalSection(SolutionProperties) = preSolution
		HideSolutionNode = FALSE
	EndGlobalSection
	GlobalSection(ExtensibilityGlobals) = postSolution
		SolutionGuid = {05E3CBD8-55D7-47F4-A463-6E741C44E8E7}
	EndGlobalSection
EndGlobal
